# This file was autogenerated by uv via the following command:
#    uv pip compile pyproject.toml --universal --python-version 3.12 --extra semantic-encoder --torch-backend=cpu -o requirements-desktop.lock
alembic==1.18.4
    # via openconstructionerp (pyproject.toml)
annotated-doc==0.0.4
    # via
    #   fastapi
    #   typer
annotated-types==0.7.0
    # via pydantic
anyio==4.13.0
    # via
    #   httpx
    #   starlette
    #   watchfiles
asyncpg==0.31.0
    # via openconstructionerp (pyproject.toml)
bcrypt==5.0.0
    # via openconstructionerp (pyproject.toml)
certifi==2026.5.20
    # via
    #   httpcore
    #   httpx
cffi==2.0.0 ; platform_python_implementation != 'PyPy'
    # via cryptography
charset-normalizer==3.4.7
    # via
    #   pdfminer-six
    #   reportlab
click==8.4.2
    # via
    #   huggingface-hub
    #   uvicorn
colorama==0.4.6 ; sys_platform == 'win32'
    # via
    #   click
    #   tqdm
    #   typer
    #   uvicorn
cryptography==48.0.0
    # via
    #   pdfminer-six
    #   python-jose
defusedxml==0.7.1
    # via openconstructionerp (pyproject.toml)
deprecation==2.1.0
    # via lancedb
dnspython==2.8.0
    # via email-validator
duckdb==1.5.3
    # via openconstructionerp (pyproject.toml)
ecdsa==0.19.2
    # via python-jose
email-validator==2.3.0
    # via openconstructionerp (pyproject.toml)
et-xmlfile==2.0.0
    # via openpyxl
ezdxf==1.4.4
    # via openconstructionerp (pyproject.toml)
fastapi==0.136.3
    # via openconstructionerp (pyproject.toml)
fasteners==0.20
    # via pixeltable-pgserver
filelock==3.32.3
    # via
    #   huggingface-hub
    #   torch
fonttools==4.63.0
    # via ezdxf
fsspec==2026.7.0
    # via
    #   huggingface-hub
    #   torch
greenlet==3.5.1
    # via sqlalchemy
grpcio==1.83.0
    # via qdrant-client
h11==0.16.0
    # via
    #   httpcore
    #   uvicorn
h2==4.4.1
    # via httpx
hf-xet==1.6.0 ; platform_machine == 'AMD64' or platform_machine == 'aarch64' or platform_machine == 'amd64' or platform_machine == 'arm64' or platform_machine == 'x86_64'
    # via huggingface-hub
hijridate==2.6.0
    # via openconstructionerp (pyproject.toml)
hpack==4.2.0
    # via h2
httpcore==1.0.9
    # via httpx
httptools==0.8.0
    # via uvicorn
httpx==0.28.1
    # via
    #   openconstructionerp (pyproject.toml)
    #   huggingface-hub
    #   qdrant-client
huggingface-hub==1.27.0
    # via
    #   sentence-transformers
    #   tokenizers
    #   transformers
hyperframe==6.1.0
    # via h2
idna==3.18
    # via
    #   anyio
    #   email-validator
    #   httpx
itsdangerous==2.2.0
    # via openconstructionerp (pyproject.toml)
jinja2==3.1.6
    # via torch
joblib==1.5.3
    # via scikit-learn
lance-namespace==0.11.0
    # via lancedb
lance-namespace-urllib3-client==0.11.0
    # via lance-namespace
lancedb==0.37.1
    # via openconstructionerp (pyproject.toml)
laspy==2.7.0
    # via openconstructionerp (pyproject.toml)
lazrs==0.8.1
    # via openconstructionerp (pyproject.toml)
mako==1.3.12
    # via alembic
markdown-it-py==4.2.0
    # via rich
markupsafe==3.0.3
    # via
    #   jinja2
    #   mako
mdurl==0.1.2
    # via markdown-it-py
mpmath==1.3.0
    # via sympy
narwhals==2.24.0
    # via scikit-learn
networkx==3.6.1
    # via torch
numpy==2.4.6
    # via
    #   ezdxf
    #   lancedb
    #   laspy
    #   opencv-python-headless
    #   pandas
    #   pycollada
    #   qdrant-client
    #   scikit-learn
    #   scipy
    #   sentence-transformers
    #   transformers
    #   trimesh
opencv-python-headless==4.13.0.92
    # via openconstructionerp (pyproject.toml)
openpyxl==3.1.5
    # via openconstructionerp (pyproject.toml)
orjson==3.11.9
    # via openconstructionerp (pyproject.toml)
packaging==26.3
    # via
    #   deprecation
    #   huggingface-hub
    #   lancedb
    #   transformers
pandas==2.3.3
    # via openconstructionerp (pyproject.toml)
pdfminer-six==20251230
    # via pdfplumber
pdfplumber==0.11.9
    # via openconstructionerp (pyproject.toml)
pillow==12.2.0
    # via
    #   pdfplumber
    #   reportlab
pixeltable-pgserver==0.5.1
    # via openconstructionerp (pyproject.toml)
platformdirs==4.10.0
    # via pixeltable-pgserver
portalocker==3.2.0
    # via qdrant-client
protobuf==7.35.1
    # via qdrant-client
psutil==7.2.2
    # via pixeltable-pgserver
psycopg2-binary==2.9.12
    # via openconstructionerp (pyproject.toml)
pyarrow==24.0.0
    # via
    #   openconstructionerp (pyproject.toml)
    #   lancedb
pyasn1==0.6.3
    # via
    #   python-jose
    #   rsa
pycollada==0.9.3
    # via openconstructionerp (pyproject.toml)
pycparser==3.0 ; implementation_name != 'PyPy' and platform_python_implementation != 'PyPy'
    # via cffi
pydantic==2.13.4
    # via
    #   openconstructionerp (pyproject.toml)
    #   fastapi
    #   lance-namespace-urllib3-client
    #   lancedb
    #   pydantic-settings
    #   qdrant-client
pydantic-core==2.46.4
    # via pydantic
pydantic-settings==2.14.1
    # via openconstructionerp (pyproject.toml)
pygments==2.21.0
    # via rich
pymupdf==1.27.2.3
    # via openconstructionerp (pyproject.toml)
pyparsing==3.3.2
    # via ezdxf
pypdf==6.14.2
    # via openconstructionerp (pyproject.toml)
pypdfium2==5.9.0
    # via pdfplumber
python-dateutil==2.9.0.post0
    # via
    #   openconstructionerp (pyproject.toml)
    #   lance-namespace-urllib3-client
    #   pandas
    #   pycollada
python-dotenv==1.2.2
    # via
    #   pydantic-settings
    #   uvicorn
python-jose==3.5.0
    # via openconstructionerp (pyproject.toml)
python-multipart==0.0.32
    # via openconstructionerp (pyproject.toml)
pytz==2026.2
    # via pandas
pywin32==312 ; sys_platform == 'win32'
    # via portalocker
pyyaml==6.0.3
    # via
    #   openconstructionerp (pyproject.toml)
    #   huggingface-hub
    #   transformers
    #   uvicorn
qdrant-client==1.19.0
    # via openconstructionerp (pyproject.toml)
rapidfuzz==3.14.5
    # via openconstructionerp (pyproject.toml)
regex==2026.7.19
    # via transformers
reportlab==4.5.1
    # via openconstructionerp (pyproject.toml)
rich==15.0.0
    # via typer
rsa==4.9.1
    # via python-jose
safetensors==0.8.0
    # via transformers
scikit-learn==1.9.0
    # via sentence-transformers
scipy==1.18.0
    # via
    #   scikit-learn
    #   sentence-transformers
sentence-transformers==5.7.0
    # via openconstructionerp (pyproject.toml)
setuptools==84.0.0
    # via torch
shellingham==1.5.4
    # via typer
simpleeval==1.0.7
    # via openconstructionerp (pyproject.toml)
six==1.17.0
    # via
    #   ecdsa
    #   python-dateutil
sqlalchemy==2.0.50
    # via
    #   openconstructionerp (pyproject.toml)
    #   alembic
starlette==1.2.1
    # via fastapi
structlog==26.1.0
    # via openconstructionerp (pyproject.toml)
sympy==1.14.0
    # via torch
threadpoolctl==3.6.0
    # via scikit-learn
tokenizers==0.22.2
    # via
    #   sentence-transformers
    #   transformers
torch==2.13.0 ; sys_platform == 'darwin'
    # via sentence-transformers
torch==2.13.0+cpu ; sys_platform != 'darwin'
    # via sentence-transformers
tqdm==4.70.0
    # via
    #   huggingface-hub
    #   lancedb
    #   sentence-transformers
    #   transformers
transformers==5.15.0
    # via sentence-transformers
trimesh==4.12.2
    # via openconstructionerp (pyproject.toml)
typer==0.27.1
    # via transformers
typing-extensions==4.15.0
    # via
    #   alembic
    #   anyio
    #   ezdxf
    #   fastapi
    #   grpcio
    #   huggingface-hub
    #   lance-namespace-urllib3-client
    #   pixeltable-pgserver
    #   pydantic
    #   pydantic-core
    #   sentence-transformers
    #   sqlalchemy
    #   starlette
    #   torch
    #   typing-inspection
typing-inspection==0.4.2
    # via
    #   fastapi
    #   pydantic
    #   pydantic-settings
tzdata==2026.2
    # via pandas
uharfbuzz==0.56.0
    # via openconstructionerp (pyproject.toml)
urllib3==2.7.0
    # via
    #   lance-namespace-urllib3-client
    #   qdrant-client
uvicorn==0.49.0
    # via openconstructionerp (pyproject.toml)
uvloop==0.22.1 ; platform_python_implementation != 'PyPy' and sys_platform != 'cygwin' and sys_platform != 'win32'
    # via uvicorn
watchfiles==1.2.0
    # via uvicorn
websockets==16.0
    # via uvicorn
